
Microsoft Visual Studio Solution File, Format Version 12.00
# Visual Studio Version 17
VisualStudioVersion = 17.3.32825.248
MinimumVisualStudioVersion = 10.0.40219.1
Project("{9A19103F-16F7-4668-BE54-9A1E7A4F7556}") = "00Test", "00Test\00Test.csproj", "{3DE9BD6D-0FF6-4A30-BF37-79F4B55FB52F}"
EndProject
Project("{9A19103F-16F7-4668-BE54-9A1E7A4F7556}") = "01Nullabledatatypes", "01Nullabledatatypes\01Nullabledatatypes.csproj", "{15904EF6-DC4C-42AF-8001-99B28A196EF7}"
EndProject
Project("{9A19103F-16F7-4668-BE54-9A1E7A4F7556}") = "02Call-by-value-reference", "02Call-by-value-reference\02Call-by-value-reference.csproj", "{3ACF0B60-8D8D-4EBF-8880-02585D526ACB}"
EndProject
Project("{9A19103F-16F7-4668-BE54-9A1E7A4F7556}") = "03TryParse", "03TryParse\03TryParse.csproj", "{962A66A8-3DFD-44C6-8D40-38731051EBDD}"
EndProject
Project("{9A19103F-16F7-4668-BE54-9A1E7A4F7556}") = "04Enums", "04Enums\04Enums.csproj", "{F99C6B21-2544-4EE9-9C9B-BA8622A6355C}"
EndProject
Project("{9A19103F-16F7-4668-BE54-9A1E7A4F7556}") = "05Delegets", "05Delegets\05Delegets.csproj", "{4FA4497D-A28E-4A01-B0AA-39A30603EB29}"
EndProject
Project("{9A19103F-16F7-4668-BE54-9A1E7A4F7556}") = "06Events", "06Events\06Events.csproj", "{EE168283-4982-465B-9668-38B61A7B05A6}"
EndProject
Project("{9A19103F-16F7-4668-BE54-9A1E7A4F7556}") = "07_FuncAction", "..\..\..\..\Desktop\asd\00Test\07_FuncAction\07_FuncAction.csproj", "{126511F1-A025-4C0B-9976-9F9A6071403F}"
EndProject
Project("{9A19103F-16F7-4668-BE54-9A1E7A4F7556}") = "08_LamdaExpression", "..\..\..\..\Desktop\asd\00Test\08_LamdaExpression\08_LamdaExpression.csproj", "{8716F644-E197-4A1E-9258-B4C6148F9B6D}"
EndProject
Project("{9A19103F-16F7-4668-BE54-9A1E7A4F7556}") = "09_TimerWithLambda", "..\..\..\..\Desktop\asd\00Test\09_TimerWithLambda\09_TimerWithLambda.csproj", "{C8A3027E-AC75-4911-B3E4-A76032BCE507}"
EndProject
Project("{9A19103F-16F7-4668-BE54-9A1E7A4F7556}") = "10_Interfaces", "..\..\..\..\Desktop\asd\00Test\10_Interfaces\10_Interfaces.csproj", "{422285D8-F58B-43F5-BABB-57C3EA7918A1}"
EndProject
Project("{9A19103F-16F7-4668-BE54-9A1E7A4F7556}") = "11_ICompareable", "ICompareable\11_ICompareable.csproj", "{BB9B7916-44D5-4CD7-BCD2-10D362C771C9}"
EndProject
Project("{9A19103F-16F7-4668-BE54-9A1E7A4F7556}") = "12_DownloadClient", "12_DownloadClient\12_DownloadClient.csproj", "{EA5E16A6-A0D8-48F0-A25E-623F69447302}"
EndProject
Project("{9A19103F-16F7-4668-BE54-9A1E7A4F7556}") = "13_FirstWebApp", "13_FirstWebApp\13_FirstWebApp.csproj", "{DF116526-3CF2-4AC4-B95F-1F1120C1B8EB}"
EndProject
Project("{9A19103F-16F7-4668-BE54-9A1E7A4F7556}") = "14_SecondWebApp", "14_SecondWebApp\14_SecondWebApp.csproj", "{0E1BA1A0-4455-40E6-98D7-6857D3439170}"
EndProject
Global
	GlobalSection(SolutionConfigurationPlatforms) = preSolution
		Debug|Any CPU = Debug|Any CPU
		Release|Any CPU = Release|Any CPU
	EndGlobalSection
	GlobalSection(ProjectConfigurationPlatforms) = postSolution
		{3DE9BD6D-0FF6-4A30-BF37-79F4B55FB52F}.Debug|Any CPU.ActiveCfg = Debug|Any CPU
		{3DE9BD6D-0FF6-4A30-BF37-79F4B55FB52F}.Debug|Any CPU.Build.0 = Debug|Any CPU
		{3DE9BD6D-0FF6-4A30-BF37-79F4B55FB52F}.Release|Any CPU.ActiveCfg = Release|Any CPU
		{3DE9BD6D-0FF6-4A30-BF37-79F4B55FB52F}.Release|Any CPU.Build.0 = Release|Any CPU
		{15904EF6-DC4C-42AF-8001-99B28A196EF7}.Debug|Any CPU.ActiveCfg = Debug|Any CPU
		{15904EF6-DC4C-42AF-8001-99B28A196EF7}.Debug|Any CPU.Build.0 = Debug|Any CPU
		{15904EF6-DC4C-42AF-8001-99B28A196EF7}.Release|Any CPU.ActiveCfg = Release|Any CPU
		{15904EF6-DC4C-42AF-8001-99B28A196EF7}.Release|Any CPU.Build.0 = Release|Any CPU
		{3ACF0B60-8D8D-4EBF-8880-02585D526ACB}.Debug|Any CPU.ActiveCfg = Debug|Any CPU
		{3ACF0B60-8D8D-4EBF-8880-02585D526ACB}.Debug|Any CPU.Build.0 = Debug|Any CPU
		{3ACF0B60-8D8D-4EBF-8880-02585D526ACB}.Release|Any CPU.ActiveCfg = Release|Any CPU
		{3ACF0B60-8D8D-4EBF-8880-02585D526ACB}.Release|Any CPU.Build.0 = Release|Any CPU
		{962A66A8-3DFD-44C6-8D40-38731051EBDD}.Debug|Any CPU.ActiveCfg = Debug|Any CPU
		{962A66A8-3DFD-44C6-8D40-38731051EBDD}.Debug|Any CPU.Build.0 = Debug|Any CPU
		{962A66A8-3DFD-44C6-8D40-38731051EBDD}.Release|Any CPU.ActiveCfg = Release|Any CPU
		{962A66A8-3DFD-44C6-8D40-38731051EBDD}.Release|Any CPU.Build.0 = Release|Any CPU
		{F99C6B21-2544-4EE9-9C9B-BA8622A6355C}.Debug|Any CPU.ActiveCfg = Debug|Any CPU
		{F99C6B21-2544-4EE9-9C9B-BA8622A6355C}.Debug|Any CPU.Build.0 = Debug|Any CPU
		{F99C6B21-2544-4EE9-9C9B-BA8622A6355C}.Release|Any CPU.ActiveCfg = Release|Any CPU
		{F99C6B21-2544-4EE9-9C9B-BA8622A6355C}.Release|Any CPU.Build.0 = Release|Any CPU
		{4FA4497D-A28E-4A01-B0AA-39A30603EB29}.Debug|Any CPU.ActiveCfg = Debug|Any CPU
		{4FA4497D-A28E-4A01-B0AA-39A30603EB29}.Debug|Any CPU.Build.0 = Debug|Any CPU
		{4FA4497D-A28E-4A01-B0AA-39A30603EB29}.Release|Any CPU.ActiveCfg = Release|Any CPU
		{4FA4497D-A28E-4A01-B0AA-39A30603EB29}.Release|Any CPU.Build.0 = Release|Any CPU
		{EE168283-4982-465B-9668-38B61A7B05A6}.Debug|Any CPU.ActiveCfg = Debug|Any CPU
		{EE168283-4982-465B-9668-38B61A7B05A6}.Debug|Any CPU.Build.0 = Debug|Any CPU
		{EE168283-4982-465B-9668-38B61A7B05A6}.Release|Any CPU.ActiveCfg = Release|Any CPU
		{EE168283-4982-465B-9668-38B61A7B05A6}.Release|Any CPU.Build.0 = Release|Any CPU
		{126511F1-A025-4C0B-9976-9F9A6071403F}.Debug|Any CPU.ActiveCfg = Debug|Any CPU
		{126511F1-A025-4C0B-9976-9F9A6071403F}.Debug|Any CPU.Build.0 = Debug|Any CPU
		{126511F1-A025-4C0B-9976-9F9A6071403F}.Release|Any CPU.ActiveCfg = Release|Any CPU
		{126511F1-A025-4C0B-9976-9F9A6071403F}.Release|Any CPU.Build.0 = Release|Any CPU
		{8716F644-E197-4A1E-9258-B4C6148F9B6D}.Debug|Any CPU.ActiveCfg = Debug|Any CPU
		{8716F644-E197-4A1E-9258-B4C6148F9B6D}.Debug|Any CPU.Build.0 = Debug|Any CPU
		{8716F644-E197-4A1E-9258-B4C6148F9B6D}.Release|Any CPU.ActiveCfg = Release|Any CPU
		{8716F644-E197-4A1E-9258-B4C6148F9B6D}.Release|Any CPU.Build.0 = Release|Any CPU
		{C8A3027E-AC75-4911-B3E4-A76032BCE507}.Debug|Any CPU.ActiveCfg = Debug|Any CPU
		{C8A3027E-AC75-4911-B3E4-A76032BCE507}.Debug|Any CPU.Build.0 = Debug|Any CPU
		{C8A3027E-AC75-4911-B3E4-A76032BCE507}.Release|Any CPU.ActiveCfg = Release|Any CPU
		{C8A3027E-AC75-4911-B3E4-A76032BCE507}.Release|Any CPU.Build.0 = Release|Any CPU
		{422285D8-F58B-43F5-BABB-57C3EA7918A1}.Debug|Any CPU.ActiveCfg = Debug|Any CPU
		{422285D8-F58B-43F5-BABB-57C3EA7918A1}.Debug|Any CPU.Build.0 = Debug|Any CPU
		{422285D8-F58B-43F5-BABB-57C3EA7918A1}.Release|Any CPU.ActiveCfg = Release|Any CPU
		{422285D8-F58B-43F5-BABB-57C3EA7918A1}.Release|Any CPU.Build.0 = Release|Any CPU
		{BB9B7916-44D5-4CD7-BCD2-10D362C771C9}.Debug|Any CPU.ActiveCfg = Debug|Any CPU
		{BB9B7916-44D5-4CD7-BCD2-10D362C771C9}.Debug|Any CPU.Build.0 = Debug|Any CPU
		{BB9B7916-44D5-4CD7-BCD2-10D362C771C9}.Release|Any CPU.ActiveCfg = Release|Any CPU
		{BB9B7916-44D5-4CD7-BCD2-10D362C771C9}.Release|Any CPU.Build.0 = Release|Any CPU
		{EA5E16A6-A0D8-48F0-A25E-623F69447302}.Debug|Any CPU.ActiveCfg = Debug|Any CPU
		{EA5E16A6-A0D8-48F0-A25E-623F69447302}.Debug|Any CPU.Build.0 = Debug|Any CPU
		{EA5E16A6-A0D8-48F0-A25E-623F69447302}.Release|Any CPU.ActiveCfg = Release|Any CPU
		{EA5E16A6-A0D8-48F0-A25E-623F69447302}.Release|Any CPU.Build.0 = Release|Any CPU
		{DF116526-3CF2-4AC4-B95F-1F1120C1B8EB}.Debug|Any CPU.ActiveCfg = Debug|Any CPU
		{DF116526-3CF2-4AC4-B95F-1F1120C1B8EB}.Debug|Any CPU.Build.0 = Debug|Any CPU
		{DF116526-3CF2-4AC4-B95F-1F1120C1B8EB}.Release|Any CPU.ActiveCfg = Release|Any CPU
		{DF116526-3CF2-4AC4-B95F-1F1120C1B8EB}.Release|Any CPU.Build.0 = Release|Any CPU
		{0E1BA1A0-4455-40E6-98D7-6857D3439170}.Debug|Any CPU.ActiveCfg = Debug|Any CPU
		{0E1BA1A0-4455-40E6-98D7-6857D3439170}.Debug|Any CPU.Build.0 = Debug|Any CPU
		{0E1BA1A0-4455-40E6-98D7-6857D3439170}.Release|Any CPU.ActiveCfg = Release|Any CPU
		{0E1BA1A0-4455-40E6-98D7-6857D3439170}.Release|Any CPU.Build.0 = Release|Any CPU
	EndGlobalSection
	GlobalSection(SolutionProperties) = preSolution
		HideSolutionNode = FALSE
	EndGlobalSection
	GlobalSection(ExtensibilityGlobals) = postSolution
		SolutionGuid = {49C33268-0BBD-4B07-B722-F54701772297}
	EndGlobalSection
EndGlobal
